PODS:
  - TSMobileAnalytics (5.1.0)

DEPENDENCIES:
  - TSMobileAnalytics

SPEC REPOS:
  https://github.com/kantarsifo/kantar-sifo-mobile-analytics-podspec.git:
    - TSMobileAnalytics

SPEC CHECKSUMS:
  TSMobileAnalytics: b7f45989c9d36ec000e0e4ec67c9085594af859b

PODFILE CHECKSUM: bbf463142eaa6e34310964bb2f347797fa449bf4

COCOAPODS: 1.10.1
